
Microsoft Visual Studio Solution File, Format Version 11.00
# Visual Studio 2010
Project("{FAE04EC0-301F-11D3-BF4B-00C04F79EFBC}") = "Zookeeper", "Zookeeper\Zookeeper.csproj", "{517E7868-C7D0-4F50-BCE8-90D1D343EFAD}"
EndProject
Project("{FAE04EC0-301F-11D3-BF4B-00C04F79EFBC}") = "Tests", "Tests\Tests.csproj", "{1161071A-C58B-44BD-BB1A-70A787C6F55A}"
EndProject
Global
	GlobalSection(SolutionConfigurationPlatforms) = preSolution
		Debug|Any CPU = Debug|Any CPU
		Debug|Mixed Platforms = Debug|Mixed Platforms
		Debug|x86 = Debug|x86
		Release|Any CPU = Release|Any CPU
		Release|Mixed Platforms = Release|Mixed Platforms
		Release|x86 = Release|x86
	EndGlobalSection
	GlobalSection(ProjectConfigurationPlatforms) = postSolution
		{517E7868-C7D0-4F50-BCE8-90D1D343EFAD}.Debug|Any CPU.ActiveCfg = Debug|Any CPU
		{517E7868-C7D0-4F50-BCE8-90D1D343EFAD}.Debug|Any CPU.Build.0 = Debug|Any CPU
		{517E7868-C7D0-4F50-BCE8-90D1D343EFAD}.Debug|Mixed Platforms.ActiveCfg = Debug|Any CPU
		{517E7868-C7D0-4F50-BCE8-90D1D343EFAD}.Debug|Mixed Platforms.Build.0 = Debug|Any CPU
		{517E7868-C7D0-4F50-BCE8-90D1D343EFAD}.Debug|x86.ActiveCfg = Debug|Any CPU
		{517E7868-C7D0-4F50-BCE8-90D1D343EFAD}.Release|Any CPU.ActiveCfg = Release|Any CPU
		{517E7868-C7D0-4F50-BCE8-90D1D343EFAD}.Release|Any CPU.Build.0 = Release|Any CPU
		{517E7868-C7D0-4F50-BCE8-90D1D343EFAD}.Release|Mixed Platforms.ActiveCfg = Release|Any CPU
		{517E7868-C7D0-4F50-BCE8-90D1D343EFAD}.Release|Mixed Platforms.Build.0 = Release|Any CPU
		{517E7868-C7D0-4F50-BCE8-90D1D343EFAD}.Release|x86.ActiveCfg = Release|Any CPU
		{1161071A-C58B-44BD-BB1A-70A787C6F55A}.Debug|Any CPU.ActiveCfg = Debug|Any CPU
		{1161071A-C58B-44BD-BB1A-70A787C6F55A}.Debug|Any CPU.Build.0 = Debug|Any CPU
		{1161071A-C58B-44BD-BB1A-70A787C6F55A}.Debug|Mixed Platforms.ActiveCfg = Debug|x86
		{1161071A-C58B-44BD-BB1A-70A787C6F55A}.Debug|Mixed Platforms.Build.0 = Debug|x86
		{1161071A-C58B-44BD-BB1A-70A787C6F55A}.Debug|x86.ActiveCfg = Debug|x86
		{1161071A-C58B-44BD-BB1A-70A787C6F55A}.Debug|x86.Build.0 = Debug|x86
		{1161071A-C58B-44BD-BB1A-70A787C6F55A}.Release|Any CPU.ActiveCfg = Release|Any CPU
		{1161071A-C58B-44BD-BB1A-70A787C6F55A}.Release|Any CPU.Build.0 = Release|Any CPU
		{1161071A-C58B-44BD-BB1A-70A787C6F55A}.Release|Mixed Platforms.ActiveCfg = Release|x86
		{1161071A-C58B-44BD-BB1A-70A787C6F55A}.Release|Mixed Platforms.Build.0 = Release|x86
		{1161071A-C58B-44BD-BB1A-70A787C6F55A}.Release|x86.ActiveCfg = Release|x86
		{1161071A-C58B-44BD-BB1A-70A787C6F55A}.Release|x86.Build.0 = Release|x86
	EndGlobalSection
	GlobalSection(SolutionProperties) = preSolution
		HideSolutionNode = FALSE
	EndGlobalSection
EndGlobal
